
Microsoft Visual Studio Solution File, Format Version 12.00
Project("{FAE04EC0-301F-11D3-BF4B-00C04F79EFBC}") = "Y.Planner.Api", "Y.Planner\Y.Planner.Api\Y.Planner.Api.csproj", "{ECF9A191-5151-4B87-9383-ACB7CA9096CC}"
EndProject
Global
	GlobalSection(SolutionConfigurationPlatforms) = preSolution
		Debug|Any CPU = Debug|Any CPU
		Release|Any CPU = Release|Any CPU
	EndGlobalSection
	GlobalSection(ProjectConfigurationPlatforms) = postSolution
		{ECF9A191-5151-4B87-9383-ACB7CA9096CC}.Debug|Any CPU.ActiveCfg = Debug|Any CPU
		{ECF9A191-5151-4B87-9383-ACB7CA9096CC}.Debug|Any CPU.Build.0 = Debug|Any CPU
		{ECF9A191-5151-4B87-9383-ACB7CA9096CC}.Release|Any CPU.ActiveCfg = Release|Any CPU
		{ECF9A191-5151-4B87-9383-ACB7CA9096CC}.Release|Any CPU.Build.0 = Release|Any CPU
	EndGlobalSection
EndGlobal
